
Microsoft Visual Studio Solution File, Format Version 12.00
# Visual Studio Version 17
VisualStudioVersion = 17.0.31903.59
MinimumVisualStudioVersion = 10.0.40219.1
Project("{2150E333-8FDC-42A3-9474-1A3956D46DE8}") = "src", "src", "{827E0CD3-B72D-47B6-A68D-7590B98EB39B}"
EndProject
Project("{2150E333-8FDC-42A3-9474-1A3956D46DE8}") = "Shared", "Shared", "{C8E42992-5E42-0C2B-DBFE-AA848D06431C}"
EndProject
Project("{FAE04EC0-301F-11D3-BF4B-00C04F79EFBC}") = "Shared.Application", "src\Shared\Shared.Application\Shared.Application.csproj", "{DEAA658A-258D-42ED-9878-00A48E71436A}"
EndProject
Project("{FAE04EC0-301F-11D3-BF4B-00C04F79EFBC}") = "Shared.Validation", "src\Shared\Shared.Validation\Shared.Validation.csproj", "{4F84E4E0-B231-45A3-848F-7DECCE8B1959}"
EndProject
Project("{2150E333-8FDC-42A3-9474-1A3956D46DE8}") = "tests", "tests", "{0AB3BF05-4346-4AA6-1389-037BE0695223}"
EndProject
Project("{2150E333-8FDC-42A3-9474-1A3956D46DE8}") = "Shared", "Shared", "{D0D6B8B0-AC35-B3FA-0B96-A9B0E4A3253E}"
EndProject
Project("{FAE04EC0-301F-11D3-BF4B-00C04F79EFBC}") = "Shared.Application.Tests", "tests\Shared\Shared.Application.Tests\Shared.Application.Tests.csproj", "{ABA36528-F683-4BC7-9648-E3C75806B084}"
EndProject
Project("{FAE04EC0-301F-11D3-BF4B-00C04F79EFBC}") = "Shared.Tests", "tests\Shared\Shared.Tests\Shared.Tests.csproj", "{385F4E28-FC7E-4BA3-B448-9325457AD4BE}"
EndProject
Project("{FAE04EC0-301F-11D3-BF4B-00C04F79EFBC}") = "Shared.Validation.Tests", "tests\Shared\Shared.Validation.Tests\Shared.Validation.Tests.csproj", "{857A9F30-A905-4B66-8943-8D058834E68A}"
EndProject
Project("{2150E333-8FDC-42A3-9474-1A3956D46DE8}") = "Catalog", "Catalog", "{AE156C2D-CEB6-2932-52E1-7BB3F5577BA2}"
EndProject
Project("{FAE04EC0-301F-11D3-BF4B-00C04F79EFBC}") = "Catalog.Domain", "src\Catalog\Catalog.Domain\Catalog.Domain.csproj", "{453FDA28-223C-44A4-8BAF-97D7B1EADFDF}"
EndProject
Project("{2150E333-8FDC-42A3-9474-1A3956D46DE8}") = "Catalog", "Catalog", "{2EBB256E-DCB5-D4A3-92AA-D5FB94CFE386}"
EndProject
Project("{FAE04EC0-301F-11D3-BF4B-00C04F79EFBC}") = "Catalog.Domain.Tests", "tests\Catalog\Catalog.Domain.Tests\Catalog.Domain.Tests.csproj", "{589BA7C2-A24A-4278-A6D0-42328A3C5B76}"
EndProject
Project("{FAE04EC0-301F-11D3-BF4B-00C04F79EFBC}") = "Catalog.Application", "src\Catalog\Catalog.Application\Catalog.Application.csproj", "{64C8060A-1929-4E07-9E27-C3A05A7D6507}"
EndProject
Project("{FAE04EC0-301F-11D3-BF4B-00C04F79EFBC}") = "Catalog.Application.Tests", "tests\Catalog\Catalog.Application.Tests\Catalog.Application.Tests.csproj", "{E8733EDA-02A9-4B12-8A4A-A35007D8A1D2}"
EndProject
Project("{2150E333-8FDC-42A3-9474-1A3956D46DE8}") = "Trips", "Trips", "{FF0748A7-F967-5393-7D29-8FC60AC41C44}"
EndProject
Project("{FAE04EC0-301F-11D3-BF4B-00C04F79EFBC}") = "Trips.Domain", "src\Trips\Trips.Domain\Trips.Domain.csproj", "{0113C0BD-534F-4F90-9E2C-630513AE38C0}"
EndProject
Project("{2150E333-8FDC-42A3-9474-1A3956D46DE8}") = "Trips", "Trips", "{D26B0979-C8C6-8ACF-E8FA-797DA1071543}"
EndProject
Project("{FAE04EC0-301F-11D3-BF4B-00C04F79EFBC}") = "Trips.Domain.Tests", "tests\Trips\Trips.Domain.Tests\Trips.Domain.Tests.csproj", "{08F918DF-F242-4F56-B641-BDC63FA7680C}"
EndProject
Project("{FAE04EC0-301F-11D3-BF4B-00C04F79EFBC}") = "Trips.Application", "src\Trips\Trips.Application\Trips.Application.csproj", "{32E07464-92AB-4D84-905B-99090176113A}"
EndProject
Project("{FAE04EC0-301F-11D3-BF4B-00C04F79EFBC}") = "Trips.Application.Tests", "tests\Trips\Trips.Application.Tests\Trips.Application.Tests.csproj", "{35D2540C-F4DC-47FB-B9B3-8BC0386486F6}"
EndProject
Project("{FAE04EC0-301F-11D3-BF4B-00C04F79EFBC}") = "Catalog.Infrastructure.Sql", "src\Catalog\Catalog.Infrastructure.Sql\Catalog.Infrastructure.Sql.csproj", "{38C15C2B-BDFF-4DC8-82A8-7DC3A29D4839}"
EndProject
Project("{FAE04EC0-301F-11D3-BF4B-00C04F79EFBC}") = "Trips.Infrastructure.Sql", "src\Trips\Trips.Infrastructure.Sql\Trips.Infrastructure.Sql.csproj", "{BD6E7F71-CA9D-43A6-B2D4-A628DDCA294E}"
EndProject
Project("{FAE04EC0-301F-11D3-BF4B-00C04F79EFBC}") = "Catalog.Infrastructure.Sql.Tests", "tests\Catalog\Catalog.Infrastructure.Sql.Tests\Catalog.Infrastructure.Sql.Tests.csproj", "{83703839-3E06-4281-88A9-33E8BF6CC53B}"
EndProject
Project("{FAE04EC0-301F-11D3-BF4B-00C04F79EFBC}") = "Trips.Infrastructure.Sql.Tests", "tests\Trips\Trips.Infrastructure.Sql.Tests\Trips.Infrastructure.Sql.Tests.csproj", "{7520275B-9AAF-40DA-8DF6-75CC2E96A43B}"
EndProject
Project("{FAE04EC0-301F-11D3-BF4B-00C04F79EFBC}") = "ServiceDefaults", "src\ServiceDefaults\ServiceDefaults.csproj", "{971C8C05-FD63-4183-B474-C97C1BACCAA5}"
EndProject
Project("{FAE04EC0-301F-11D3-BF4B-00C04F79EFBC}") = "Web", "src\Web\Web.csproj", "{5BBC3C9F-639D-48D1-9F0D-4781EE51B93B}"
EndProject
Project("{FAE04EC0-301F-11D3-BF4B-00C04F79EFBC}") = "AppHost", "src\AppHost\AppHost.csproj", "{9BA9B50A-D095-43F4-AC59-D3B02B2C42FB}"
EndProject
Project("{2150E333-8FDC-42A3-9474-1A3956D46DE8}") = "Web", "Web", "{62EB4910-3085-D5F7-07F0-ADDD05668AE4}"
EndProject
Project("{FAE04EC0-301F-11D3-BF4B-00C04F79EFBC}") = "Web.Tests", "tests\Web\Web.Tests\Web.Tests.csproj", "{58D3BE8A-CFCA-4998-B5E5-0BC9D57BD4D4}"
EndProject
Global
	GlobalSection(SolutionConfigurationPlatforms) = preSolution
		Debug|Any CPU = Debug|Any CPU
		Debug|x64 = Debug|x64
		Debug|x86 = Debug|x86
		Release|Any CPU = Release|Any CPU
		Release|x64 = Release|x64
		Release|x86 = Release|x86
	EndGlobalSection
	GlobalSection(ProjectConfigurationPlatforms) = postSolution
		{DEAA658A-258D-42ED-9878-00A48E71436A}.Debug|Any CPU.ActiveCfg = Debug|Any CPU
		{DEAA658A-258D-42ED-9878-00A48E71436A}.Debug|Any CPU.Build.0 = Debug|Any CPU
		{DEAA658A-258D-42ED-9878-00A48E71436A}.Debug|x64.ActiveCfg = Debug|Any CPU
		{DEAA658A-258D-42ED-9878-00A48E71436A}.Debug|x64.Build.0 = Debug|Any CPU
		{DEAA658A-258D-42ED-9878-00A48E71436A}.Debug|x86.ActiveCfg = Debug|Any CPU
		{DEAA658A-258D-42ED-9878-00A48E71436A}.Debug|x86.Build.0 = Debug|Any CPU
		{DEAA658A-258D-42ED-9878-00A48E71436A}.Release|Any CPU.ActiveCfg = Release|Any CPU
		{DEAA658A-258D-42ED-9878-00A48E71436A}.Release|Any CPU.Build.0 = Release|Any CPU
		{DEAA658A-258D-42ED-9878-00A48E71436A}.Release|x64.ActiveCfg = Release|Any CPU
		{DEAA658A-258D-42ED-9878-00A48E71436A}.Release|x64.Build.0 = Release|Any CPU
		{DEAA658A-258D-42ED-9878-00A48E71436A}.Release|x86.ActiveCfg = Release|Any CPU
		{DEAA658A-258D-42ED-9878-00A48E71436A}.Release|x86.Build.0 = Release|Any CPU
		{4F84E4E0-B231-45A3-848F-7DECCE8B1959}.Debug|Any CPU.ActiveCfg = Debug|Any CPU
		{4F84E4E0-B231-45A3-848F-7DECCE8B1959}.Debug|Any CPU.Build.0 = Debug|Any CPU
		{4F84E4E0-B231-45A3-848F-7DECCE8B1959}.Debug|x64.ActiveCfg = Debug|Any CPU
		{4F84E4E0-B231-45A3-848F-7DECCE8B1959}.Debug|x64.Build.0 = Debug|Any CPU
		{4F84E4E0-B231-45A3-848F-7DECCE8B1959}.Debug|x86.ActiveCfg = Debug|Any CPU
		{4F84E4E0-B231-45A3-848F-7DECCE8B1959}.Debug|x86.Build.0 = Debug|Any CPU
		{4F84E4E0-B231-45A3-848F-7DECCE8B1959}.Release|Any CPU.ActiveCfg = Release|Any CPU
		{4F84E4E0-B231-45A3-848F-7DECCE8B1959}.Release|Any CPU.Build.0 = Release|Any CPU
		{4F84E4E0-B231-45A3-848F-7DECCE8B1959}.Release|x64.ActiveCfg = Release|Any CPU
		{4F84E4E0-B231-45A3-848F-7DECCE8B1959}.Release|x64.Build.0 = Release|Any CPU
		{4F84E4E0-B231-45A3-848F-7DECCE8B1959}.Release|x86.ActiveCfg = Release|Any CPU
		{4F84E4E0-B231-45A3-848F-7DECCE8B1959}.Release|x86.Build.0 = Release|Any CPU
		{ABA36528-F683-4BC7-9648-E3C75806B084}.Debug|Any CPU.ActiveCfg = Debug|Any CPU
		{ABA36528-F683-4BC7-9648-E3C75806B084}.Debug|Any CPU.Build.0 = Debug|Any CPU
		{ABA36528-F683-4BC7-9648-E3C75806B084}.Debug|x64.ActiveCfg = Debug|Any CPU
		{ABA36528-F683-4BC7-9648-E3C75806B084}.Debug|x64.Build.0 = Debug|Any CPU
		{ABA36528-F683-4BC7-9648-E3C75806B084}.Debug|x86.ActiveCfg = Debug|Any CPU
		{ABA36528-F683-4BC7-9648-E3C75806B084}.Debug|x86.Build.0 = Debug|Any CPU
		{ABA36528-F683-4BC7-9648-E3C75806B084}.Release|Any CPU.ActiveCfg = Release|Any CPU
		{ABA36528-F683-4BC7-9648-E3C75806B084}.Release|Any CPU.Build.0 = Release|Any CPU
		{ABA36528-F683-4BC7-9648-E3C75806B084}.Release|x64.ActiveCfg = Release|Any CPU
		{ABA36528-F683-4BC7-9648-E3C75806B084}.Release|x64.Build.0 = Release|Any CPU
		{ABA36528-F683-4BC7-9648-E3C75806B084}.Release|x86.ActiveCfg = Release|Any CPU
		{ABA36528-F683-4BC7-9648-E3C75806B084}.Release|x86.Build.0 = Release|Any CPU
		{385F4E28-FC7E-4BA3-B448-9325457AD4BE}.Debug|Any CPU.ActiveCfg = Debug|Any CPU
		{385F4E28-FC7E-4BA3-B448-9325457AD4BE}.Debug|Any CPU.Build.0 = Debug|Any CPU
		{385F4E28-FC7E-4BA3-B448-9325457AD4BE}.Debug|x64.ActiveCfg = Debug|Any CPU
		{385F4E28-FC7E-4BA3-B448-9325457AD4BE}.Debug|x64.Build.0 = Debug|Any CPU
		{385F4E28-FC7E-4BA3-B448-9325457AD4BE}.Debug|x86.ActiveCfg = Debug|Any CPU
		{385F4E28-FC7E-4BA3-B448-9325457AD4BE}.Debug|x86.Build.0 = Debug|Any CPU
		{385F4E28-FC7E-4BA3-B448-9325457AD4BE}.Release|Any CPU.ActiveCfg = Release|Any CPU
		{385F4E28-FC7E-4BA3-B448-9325457AD4BE}.Release|Any CPU.Build.0 = Release|Any CPU
		{385F4E28-FC7E-4BA3-B448-9325457AD4BE}.Release|x64.ActiveCfg = Release|Any CPU
		{385F4E28-FC7E-4BA3-B448-9325457AD4BE}.Release|x64.Build.0 = Release|Any CPU
		{385F4E28-FC7E-4BA3-B448-9325457AD4BE}.Release|x86.ActiveCfg = Release|Any CPU
		{385F4E28-FC7E-4BA3-B448-9325457AD4BE}.Release|x86.Build.0 = Release|Any CPU
		{857A9F30-A905-4B66-8943-8D058834E68A}.Debug|Any CPU.ActiveCfg = Debug|Any CPU
		{857A9F30-A905-4B66-8943-8D058834E68A}.Debug|Any CPU.Build.0 = Debug|Any CPU
		{857A9F30-A905-4B66-8943-8D058834E68A}.Debug|x64.ActiveCfg = Debug|Any CPU
		{857A9F30-A905-4B66-8943-8D058834E68A}.Debug|x64.Build.0 = Debug|Any CPU
		{857A9F30-A905-4B66-8943-8D058834E68A}.Debug|x86.ActiveCfg = Debug|Any CPU
		{857A9F30-A905-4B66-8943-8D058834E68A}.Debug|x86.Build.0 = Debug|Any CPU
		{857A9F30-A905-4B66-8943-8D058834E68A}.Release|Any CPU.ActiveCfg = Release|Any CPU
		{857A9F30-A905-4B66-8943-8D058834E68A}.Release|Any CPU.Build.0 = Release|Any CPU
		{857A9F30-A905-4B66-8943-8D058834E68A}.Release|x64.ActiveCfg = Release|Any CPU
		{857A9F30-A905-4B66-8943-8D058834E68A}.Release|x64.Build.0 = Release|Any CPU
		{857A9F30-A905-4B66-8943-8D058834E68A}.Release|x86.ActiveCfg = Release|Any CPU
		{857A9F30-A905-4B66-8943-8D058834E68A}.Release|x86.Build.0 = Release|Any CPU
		{453FDA28-223C-44A4-8BAF-97D7B1EADFDF}.Debug|Any CPU.ActiveCfg = Debug|Any CPU
		{453FDA28-223C-44A4-8BAF-97D7B1EADFDF}.Debug|Any CPU.Build.0 = Debug|Any CPU
		{453FDA28-223C-44A4-8BAF-97D7B1EADFDF}.Debug|x64.ActiveCfg = Debug|Any CPU
		{453FDA28-223C-44A4-8BAF-97D7B1EADFDF}.Debug|x64.Build.0 = Debug|Any CPU
		{453FDA28-223C-44A4-8BAF-97D7B1EADFDF}.Debug|x86.ActiveCfg = Debug|Any CPU
		{453FDA28-223C-44A4-8BAF-97D7B1EADFDF}.Debug|x86.Build.0 = Debug|Any CPU
		{453FDA28-223C-44A4-8BAF-97D7B1EADFDF}.Release|Any CPU.ActiveCfg = Release|Any CPU
		{453FDA28-223C-44A4-8BAF-97D7B1EADFDF}.Release|Any CPU.Build.0 = Release|Any CPU
		{453FDA28-223C-44A4-8BAF-97D7B1EADFDF}.Release|x64.ActiveCfg = Release|Any CPU
		{453FDA28-223C-44A4-8BAF-97D7B1EADFDF}.Release|x64.Build.0 = Release|Any CPU
		{453FDA28-223C-44A4-8BAF-97D7B1EADFDF}.Release|x86.ActiveCfg = Release|Any CPU
		{453FDA28-223C-44A4-8BAF-97D7B1EADFDF}.Release|x86.Build.0 = Release|Any CPU
		{589BA7C2-A24A-4278-A6D0-42328A3C5B76}.Debug|Any CPU.ActiveCfg = Debug|Any CPU
		{589BA7C2-A24A-4278-A6D0-42328A3C5B76}.Debug|Any CPU.Build.0 = Debug|Any CPU
		{589BA7C2-A24A-4278-A6D0-42328A3C5B76}.Debug|x64.ActiveCfg = Debug|Any CPU
		{589BA7C2-A24A-4278-A6D0-42328A3C5B76}.Debug|x64.Build.0 = Debug|Any CPU
		{589BA7C2-A24A-4278-A6D0-42328A3C5B76}.Debug|x86.ActiveCfg = Debug|Any CPU
		{589BA7C2-A24A-4278-A6D0-42328A3C5B76}.Debug|x86.Build.0 = Debug|Any CPU
		{589BA7C2-A24A-4278-A6D0-42328A3C5B76}.Release|Any CPU.ActiveCfg = Release|Any CPU
		{589BA7C2-A24A-4278-A6D0-42328A3C5B76}.Release|Any CPU.Build.0 = Release|Any CPU
		{589BA7C2-A24A-4278-A6D0-42328A3C5B76}.Release|x64.ActiveCfg = Release|Any CPU
		{589BA7C2-A24A-4278-A6D0-42328A3C5B76}.Release|x64.Build.0 = Release|Any CPU
		{589BA7C2-A24A-4278-A6D0-42328A3C5B76}.Release|x86.ActiveCfg = Release|Any CPU
		{589BA7C2-A24A-4278-A6D0-42328A3C5B76}.Release|x86.Build.0 = Release|Any CPU
		{64C8060A-1929-4E07-9E27-C3A05A7D6507}.Debug|Any CPU.ActiveCfg = Debug|Any CPU
		{64C8060A-1929-4E07-9E27-C3A05A7D6507}.Debug|Any CPU.Build.0 = Debug|Any CPU
		{64C8060A-1929-4E07-9E27-C3A05A7D6507}.Debug|x64.ActiveCfg = Debug|Any CPU
		{64C8060A-1929-4E07-9E27-C3A05A7D6507}.Debug|x64.Build.0 = Debug|Any CPU
		{64C8060A-1929-4E07-9E27-C3A05A7D6507}.Debug|x86.ActiveCfg = Debug|Any CPU
		{64C8060A-1929-4E07-9E27-C3A05A7D6507}.Debug|x86.Build.0 = Debug|Any CPU
		{64C8060A-1929-4E07-9E27-C3A05A7D6507}.Release|Any CPU.ActiveCfg = Release|Any CPU
		{64C8060A-1929-4E07-9E27-C3A05A7D6507}.Release|Any CPU.Build.0 = Release|Any CPU
		{64C8060A-1929-4E07-9E27-C3A05A7D6507}.Release|x64.ActiveCfg = Release|Any CPU
		{64C8060A-1929-4E07-9E27-C3A05A7D6507}.Release|x64.Build.0 = Release|Any CPU
		{64C8060A-1929-4E07-9E27-C3A05A7D6507}.Release|x86.ActiveCfg = Release|Any CPU
		{64C8060A-1929-4E07-9E27-C3A05A7D6507}.Release|x86.Build.0 = Release|Any CPU
		{E8733EDA-02A9-4B12-8A4A-A35007D8A1D2}.Debug|Any CPU.ActiveCfg = Debug|Any CPU
		{E8733EDA-02A9-4B12-8A4A-A35007D8A1D2}.Debug|Any CPU.Build.0 = Debug|Any CPU
		{E8733EDA-02A9-4B12-8A4A-A35007D8A1D2}.Debug|x64.ActiveCfg = Debug|Any CPU
		{E8733EDA-02A9-4B12-8A4A-A35007D8A1D2}.Debug|x64.Build.0 = Debug|Any CPU
		{E8733EDA-02A9-4B12-8A4A-A35007D8A1D2}.Debug|x86.ActiveCfg = Debug|Any CPU
		{E8733EDA-02A9-4B12-8A4A-A35007D8A1D2}.Debug|x86.Build.0 = Debug|Any CPU
		{E8733EDA-02A9-4B12-8A4A-A35007D8A1D2}.Release|Any CPU.ActiveCfg = Release|Any CPU
		{E8733EDA-02A9-4B12-8A4A-A35007D8A1D2}.Release|Any CPU.Build.0 = Release|Any CPU
		{E8733EDA-02A9-4B12-8A4A-A35007D8A1D2}.Release|x64.ActiveCfg = Release|Any CPU
		{E8733EDA-02A9-4B12-8A4A-A35007D8A1D2}.Release|x64.Build.0 = Release|Any CPU
		{E8733EDA-02A9-4B12-8A4A-A35007D8A1D2}.Release|x86.ActiveCfg = Release|Any CPU
		{E8733EDA-02A9-4B12-8A4A-A35007D8A1D2}.Release|x86.Build.0 = Release|Any CPU
		{0113C0BD-534F-4F90-9E2C-630513AE38C0}.Debug|Any CPU.ActiveCfg = Debug|Any CPU
		{0113C0BD-534F-4F90-9E2C-630513AE38C0}.Debug|Any CPU.Build.0 = Debug|Any CPU
		{0113C0BD-534F-4F90-9E2C-630513AE38C0}.Debug|x64.ActiveCfg = Debug|Any CPU
		{0113C0BD-534F-4F90-9E2C-630513AE38C0}.Debug|x64.Build.0 = Debug|Any CPU
		{0113C0BD-534F-4F90-9E2C-630513AE38C0}.Debug|x86.ActiveCfg = Debug|Any CPU
		{0113C0BD-534F-4F90-9E2C-630513AE38C0}.Debug|x86.Build.0 = Debug|Any CPU
		{0113C0BD-534F-4F90-9E2C-630513AE38C0}.Release|Any CPU.ActiveCfg = Release|Any CPU
		{0113C0BD-534F-4F90-9E2C-630513AE38C0}.Release|Any CPU.Build.0 = Release|Any CPU
		{0113C0BD-534F-4F90-9E2C-630513AE38C0}.Release|x64.ActiveCfg = Release|Any CPU
		{0113C0BD-534F-4F90-9E2C-630513AE38C0}.Release|x64.Build.0 = Release|Any CPU
		{0113C0BD-534F-4F90-9E2C-630513AE38C0}.Release|x86.ActiveCfg = Release|Any CPU
		{0113C0BD-534F-4F90-9E2C-630513AE38C0}.Release|x86.Build.0 = Release|Any CPU
		{08F918DF-F242-4F56-B641-BDC63FA7680C}.Debug|Any CPU.ActiveCfg = Debug|Any CPU
		{08F918DF-F242-4F56-B641-BDC63FA7680C}.Debug|Any CPU.Build.0 = Debug|Any CPU
		{08F918DF-F242-4F56-B641-BDC63FA7680C}.Debug|x64.ActiveCfg = Debug|Any CPU
		{08F918DF-F242-4F56-B641-BDC63FA7680C}.Debug|x64.Build.0 = Debug|Any CPU
		{08F918DF-F242-4F56-B641-BDC63FA7680C}.Debug|x86.ActiveCfg = Debug|Any CPU
		{08F918DF-F242-4F56-B641-BDC63FA7680C}.Debug|x86.Build.0 = Debug|Any CPU
		{08F918DF-F242-4F56-B641-BDC63FA7680C}.Release|Any CPU.ActiveCfg = Release|Any CPU
		{08F918DF-F242-4F56-B641-BDC63FA7680C}.Release|Any CPU.Build.0 = Release|Any CPU
		{08F918DF-F242-4F56-B641-BDC63FA7680C}.Release|x64.ActiveCfg = Release|Any CPU
		{08F918DF-F242-4F56-B641-BDC63FA7680C}.Release|x64.Build.0 = Release|Any CPU
		{08F918DF-F242-4F56-B641-BDC63FA7680C}.Release|x86.ActiveCfg = Release|Any CPU
		{08F918DF-F242-4F56-B641-BDC63FA7680C}.Release|x86.Build.0 = Release|Any CPU
		{32E07464-92AB-4D84-905B-99090176113A}.Debug|Any CPU.ActiveCfg = Debug|Any CPU
		{32E07464-92AB-4D84-905B-99090176113A}.Debug|Any CPU.Build.0 = Debug|Any CPU
		{32E07464-92AB-4D84-905B-99090176113A}.Debug|x64.ActiveCfg = Debug|Any CPU
		{32E07464-92AB-4D84-905B-99090176113A}.Debug|x64.Build.0 = Debug|Any CPU
		{32E07464-92AB-4D84-905B-99090176113A}.Debug|x86.ActiveCfg = Debug|Any CPU
		{32E07464-92AB-4D84-905B-99090176113A}.Debug|x86.Build.0 = Debug|Any CPU
		{32E07464-92AB-4D84-905B-99090176113A}.Release|Any CPU.ActiveCfg = Release|Any CPU
		{32E07464-92AB-4D84-905B-99090176113A}.Release|Any CPU.Build.0 = Release|Any CPU
		{32E07464-92AB-4D84-905B-99090176113A}.Release|x64.ActiveCfg = Release|Any CPU
		{32E07464-92AB-4D84-905B-99090176113A}.Release|x64.Build.0 = Release|Any CPU
		{32E07464-92AB-4D84-905B-99090176113A}.Release|x86.ActiveCfg = Release|Any CPU
		{32E07464-92AB-4D84-905B-99090176113A}.Release|x86.Build.0 = Release|Any CPU
		{35D2540C-F4DC-47FB-B9B3-8BC0386486F6}.Debug|Any CPU.ActiveCfg = Debug|Any CPU
		{35D2540C-F4DC-47FB-B9B3-8BC0386486F6}.Debug|Any CPU.Build.0 = Debug|Any CPU
		{35D2540C-F4DC-47FB-B9B3-8BC0386486F6}.Debug|x64.ActiveCfg = Debug|Any CPU
		{35D2540C-F4DC-47FB-B9B3-8BC0386486F6}.Debug|x64.Build.0 = Debug|Any CPU
		{35D2540C-F4DC-47FB-B9B3-8BC0386486F6}.Debug|x86.ActiveCfg = Debug|Any CPU
		{35D2540C-F4DC-47FB-B9B3-8BC0386486F6}.Debug|x86.Build.0 = Debug|Any CPU
		{35D2540C-F4DC-47FB-B9B3-8BC0386486F6}.Release|Any CPU.ActiveCfg = Release|Any CPU
		{35D2540C-F4DC-47FB-B9B3-8BC0386486F6}.Release|Any CPU.Build.0 = Release|Any CPU
		{35D2540C-F4DC-47FB-B9B3-8BC0386486F6}.Release|x64.ActiveCfg = Release|Any CPU
		{35D2540C-F4DC-47FB-B9B3-8BC0386486F6}.Release|x64.Build.0 = Release|Any CPU
		{35D2540C-F4DC-47FB-B9B3-8BC0386486F6}.Release|x86.ActiveCfg = Release|Any CPU
		{35D2540C-F4DC-47FB-B9B3-8BC0386486F6}.Release|x86.Build.0 = Release|Any CPU
		{38C15C2B-BDFF-4DC8-82A8-7DC3A29D4839}.Debug|Any CPU.ActiveCfg = Debug|Any CPU
		{38C15C2B-BDFF-4DC8-82A8-7DC3A29D4839}.Debug|Any CPU.Build.0 = Debug|Any CPU
		{38C15C2B-BDFF-4DC8-82A8-7DC3A29D4839}.Debug|x64.ActiveCfg = Debug|Any CPU
		{38C15C2B-BDFF-4DC8-82A8-7DC3A29D4839}.Debug|x64.Build.0 = Debug|Any CPU
		{38C15C2B-BDFF-4DC8-82A8-7DC3A29D4839}.Debug|x86.ActiveCfg = Debug|Any CPU
		{38C15C2B-BDFF-4DC8-82A8-7DC3A29D4839}.Debug|x86.Build.0 = Debug|Any CPU
		{38C15C2B-BDFF-4DC8-82A8-7DC3A29D4839}.Release|Any CPU.ActiveCfg = Release|Any CPU
		{38C15C2B-BDFF-4DC8-82A8-7DC3A29D4839}.Release|Any CPU.Build.0 = Release|Any CPU
		{38C15C2B-BDFF-4DC8-82A8-7DC3A29D4839}.Release|x64.ActiveCfg = Release|Any CPU
		{38C15C2B-BDFF-4DC8-82A8-7DC3A29D4839}.Release|x64.Build.0 = Release|Any CPU
		{38C15C2B-BDFF-4DC8-82A8-7DC3A29D4839}.Release|x86.ActiveCfg = Release|Any CPU
		{38C15C2B-BDFF-4DC8-82A8-7DC3A29D4839}.Release|x86.Build.0 = Release|Any CPU
		{BD6E7F71-CA9D-43A6-B2D4-A628DDCA294E}.Debug|Any CPU.ActiveCfg = Debug|Any CPU
		{BD6E7F71-CA9D-43A6-B2D4-A628DDCA294E}.Debug|Any CPU.Build.0 = Debug|Any CPU
		{BD6E7F71-CA9D-43A6-B2D4-A628DDCA294E}.Debug|x64.ActiveCfg = Debug|Any CPU
		{BD6E7F71-CA9D-43A6-B2D4-A628DDCA294E}.Debug|x64.Build.0 = Debug|Any CPU
		{BD6E7F71-CA9D-43A6-B2D4-A628DDCA294E}.Debug|x86.ActiveCfg = Debug|Any CPU
		{BD6E7F71-CA9D-43A6-B2D4-A628DDCA294E}.Debug|x86.Build.0 = Debug|Any CPU
		{BD6E7F71-CA9D-43A6-B2D4-A628DDCA294E}.Release|Any CPU.ActiveCfg = Release|Any CPU
		{BD6E7F71-CA9D-43A6-B2D4-A628DDCA294E}.Release|Any CPU.Build.0 = Release|Any CPU
		{BD6E7F71-CA9D-43A6-B2D4-A628DDCA294E}.Release|x64.ActiveCfg = Release|Any CPU
		{BD6E7F71-CA9D-43A6-B2D4-A628DDCA294E}.Release|x64.Build.0 = Release|Any CPU
		{BD6E7F71-CA9D-43A6-B2D4-A628DDCA294E}.Release|x86.ActiveCfg = Release|Any CPU
		{BD6E7F71-CA9D-43A6-B2D4-A628DDCA294E}.Release|x86.Build.0 = Release|Any CPU
		{83703839-3E06-4281-88A9-33E8BF6CC53B}.Debug|Any CPU.ActiveCfg = Debug|Any CPU
		{83703839-3E06-4281-88A9-33E8BF6CC53B}.Debug|Any CPU.Build.0 = Debug|Any CPU
		{83703839-3E06-4281-88A9-33E8BF6CC53B}.Debug|x64.ActiveCfg = Debug|Any CPU
		{83703839-3E06-4281-88A9-33E8BF6CC53B}.Debug|x64.Build.0 = Debug|Any CPU
		{83703839-3E06-4281-88A9-33E8BF6CC53B}.Debug|x86.ActiveCfg = Debug|Any CPU
		{83703839-3E06-4281-88A9-33E8BF6CC53B}.Debug|x86.Build.0 = Debug|Any CPU
		{83703839-3E06-4281-88A9-33E8BF6CC53B}.Release|Any CPU.ActiveCfg = Release|Any CPU
		{83703839-3E06-4281-88A9-33E8BF6CC53B}.Release|Any CPU.Build.0 = Release|Any CPU
		{83703839-3E06-4281-88A9-33E8BF6CC53B}.Release|x64.ActiveCfg = Release|Any CPU
		{83703839-3E06-4281-88A9-33E8BF6CC53B}.Release|x64.Build.0 = Release|Any CPU
		{83703839-3E06-4281-88A9-33E8BF6CC53B}.Release|x86.ActiveCfg = Release|Any CPU
		{83703839-3E06-4281-88A9-33E8BF6CC53B}.Release|x86.Build.0 = Release|Any CPU
		{7520275B-9AAF-40DA-8DF6-75CC2E96A43B}.Debug|Any CPU.ActiveCfg = Debug|Any CPU
		{7520275B-9AAF-40DA-8DF6-75CC2E96A43B}.Debug|Any CPU.Build.0 = Debug|Any CPU
		{7520275B-9AAF-40DA-8DF6-75CC2E96A43B}.Debug|x64.ActiveCfg = Debug|Any CPU
		{7520275B-9AAF-40DA-8DF6-75CC2E96A43B}.Debug|x64.Build.0 = Debug|Any CPU
		{7520275B-9AAF-40DA-8DF6-75CC2E96A43B}.Debug|x86.ActiveCfg = Debug|Any CPU
		{7520275B-9AAF-40DA-8DF6-75CC2E96A43B}.Debug|x86.Build.0 = Debug|Any CPU
		{7520275B-9AAF-40DA-8DF6-75CC2E96A43B}.Release|Any CPU.ActiveCfg = Release|Any CPU
		{7520275B-9AAF-40DA-8DF6-75CC2E96A43B}.Release|Any CPU.Build.0 = Release|Any CPU
		{7520275B-9AAF-40DA-8DF6-75CC2E96A43B}.Release|x64.ActiveCfg = Release|Any CPU
		{7520275B-9AAF-40DA-8DF6-75CC2E96A43B}.Release|x64.Build.0 = Release|Any CPU
		{7520275B-9AAF-40DA-8DF6-75CC2E96A43B}.Release|x86.ActiveCfg = Release|Any CPU
		{7520275B-9AAF-40DA-8DF6-75CC2E96A43B}.Release|x86.Build.0 = Release|Any CPU
		{971C8C05-FD63-4183-B474-C97C1BACCAA5}.Debug|Any CPU.ActiveCfg = Debug|Any CPU
		{971C8C05-FD63-4183-B474-C97C1BACCAA5}.Debug|Any CPU.Build.0 = Debug|Any CPU
		{971C8C05-FD63-4183-B474-C97C1BACCAA5}.Debug|x64.ActiveCfg = Debug|Any CPU
		{971C8C05-FD63-4183-B474-C97C1BACCAA5}.Debug|x64.Build.0 = Debug|Any CPU
		{971C8C05-FD63-4183-B474-C97C1BACCAA5}.Debug|x86.ActiveCfg = Debug|Any CPU
		{971C8C05-FD63-4183-B474-C97C1BACCAA5}.Debug|x86.Build.0 = Debug|Any CPU
		{971C8C05-FD63-4183-B474-C97C1BACCAA5}.Release|Any CPU.ActiveCfg = Release|Any CPU
		{971C8C05-FD63-4183-B474-C97C1BACCAA5}.Release|Any CPU.Build.0 = Release|Any CPU
		{971C8C05-FD63-4183-B474-C97C1BACCAA5}.Release|x64.ActiveCfg = Release|Any CPU
		{971C8C05-FD63-4183-B474-C97C1BACCAA5}.Release|x64.Build.0 = Release|Any CPU
		{971C8C05-FD63-4183-B474-C97C1BACCAA5}.Release|x86.ActiveCfg = Release|Any CPU
		{971C8C05-FD63-4183-B474-C97C1BACCAA5}.Release|x86.Build.0 = Release|Any CPU
		{5BBC3C9F-639D-48D1-9F0D-4781EE51B93B}.Debug|Any CPU.ActiveCfg = Debug|Any CPU
		{5BBC3C9F-639D-48D1-9F0D-4781EE51B93B}.Debug|Any CPU.Build.0 = Debug|Any CPU
		{5BBC3C9F-639D-48D1-9F0D-4781EE51B93B}.Debug|x64.ActiveCfg = Debug|Any CPU
		{5BBC3C9F-639D-48D1-9F0D-4781EE51B93B}.Debug|x64.Build.0 = Debug|Any CPU
		{5BBC3C9F-639D-48D1-9F0D-4781EE51B93B}.Debug|x86.ActiveCfg = Debug|Any CPU
		{5BBC3C9F-639D-48D1-9F0D-4781EE51B93B}.Debug|x86.Build.0 = Debug|Any CPU
		{5BBC3C9F-639D-48D1-9F0D-4781EE51B93B}.Release|Any CPU.ActiveCfg = Release|Any CPU
		{5BBC3C9F-639D-48D1-9F0D-4781EE51B93B}.Release|Any CPU.Build.0 = Release|Any CPU
		{5BBC3C9F-639D-48D1-9F0D-4781EE51B93B}.Release|x64.ActiveCfg = Release|Any CPU
		{5BBC3C9F-639D-48D1-9F0D-4781EE51B93B}.Release|x64.Build.0 = Release|Any CPU
		{5BBC3C9F-639D-48D1-9F0D-4781EE51B93B}.Release|x86.ActiveCfg = Release|Any CPU
		{5BBC3C9F-639D-48D1-9F0D-4781EE51B93B}.Release|x86.Build.0 = Release|Any CPU
		{9BA9B50A-D095-43F4-AC59-D3B02B2C42FB}.Debug|Any CPU.ActiveCfg = Debug|Any CPU
		{9BA9B50A-D095-43F4-AC59-D3B02B2C42FB}.Debug|Any CPU.Build.0 = Debug|Any CPU
		{9BA9B50A-D095-43F4-AC59-D3B02B2C42FB}.Debug|x64.ActiveCfg = Debug|Any CPU
		{9BA9B50A-D095-43F4-AC59-D3B02B2C42FB}.Debug|x64.Build.0 = Debug|Any CPU
		{9BA9B50A-D095-43F4-AC59-D3B02B2C42FB}.Debug|x86.ActiveCfg = Debug|Any CPU
		{9BA9B50A-D095-43F4-AC59-D3B02B2C42FB}.Debug|x86.Build.0 = Debug|Any CPU
		{9BA9B50A-D095-43F4-AC59-D3B02B2C42FB}.Release|Any CPU.ActiveCfg = Release|Any CPU
		{9BA9B50A-D095-43F4-AC59-D3B02B2C42FB}.Release|Any CPU.Build.0 = Release|Any CPU
		{9BA9B50A-D095-43F4-AC59-D3B02B2C42FB}.Release|x64.ActiveCfg = Release|Any CPU
		{9BA9B50A-D095-43F4-AC59-D3B02B2C42FB}.Release|x64.Build.0 = Release|Any CPU
		{9BA9B50A-D095-43F4-AC59-D3B02B2C42FB}.Release|x86.ActiveCfg = Release|Any CPU
		{9BA9B50A-D095-43F4-AC59-D3B02B2C42FB}.Release|x86.Build.0 = Release|Any CPU
		{58D3BE8A-CFCA-4998-B5E5-0BC9D57BD4D4}.Debug|Any CPU.ActiveCfg = Debug|Any CPU
		{58D3BE8A-CFCA-4998-B5E5-0BC9D57BD4D4}.Debug|Any CPU.Build.0 = Debug|Any CPU
		{58D3BE8A-CFCA-4998-B5E5-0BC9D57BD4D4}.Debug|x64.ActiveCfg = Debug|Any CPU
		{58D3BE8A-CFCA-4998-B5E5-0BC9D57BD4D4}.Debug|x64.Build.0 = Debug|Any CPU
		{58D3BE8A-CFCA-4998-B5E5-0BC9D57BD4D4}.Debug|x86.ActiveCfg = Debug|Any CPU
		{58D3BE8A-CFCA-4998-B5E5-0BC9D57BD4D4}.Debug|x86.Build.0 = Debug|Any CPU
		{58D3BE8A-CFCA-4998-B5E5-0BC9D57BD4D4}.Release|Any CPU.ActiveCfg = Release|Any CPU
		{58D3BE8A-CFCA-4998-B5E5-0BC9D57BD4D4}.Release|Any CPU.Build.0 = Release|Any CPU
		{58D3BE8A-CFCA-4998-B5E5-0BC9D57BD4D4}.Release|x64.ActiveCfg = Release|Any CPU
		{58D3BE8A-CFCA-4998-B5E5-0BC9D57BD4D4}.Release|x64.Build.0 = Release|Any CPU
		{58D3BE8A-CFCA-4998-B5E5-0BC9D57BD4D4}.Release|x86.ActiveCfg = Release|Any CPU
		{58D3BE8A-CFCA-4998-B5E5-0BC9D57BD4D4}.Release|x86.Build.0 = Release|Any CPU
	EndGlobalSection
	GlobalSection(SolutionProperties) = preSolution
		HideSolutionNode = FALSE
	EndGlobalSection
	GlobalSection(NestedProjects) = preSolution
		{C8E42992-5E42-0C2B-DBFE-AA848D06431C} = {827E0CD3-B72D-47B6-A68D-7590B98EB39B}
		{DEAA658A-258D-42ED-9878-00A48E71436A} = {C8E42992-5E42-0C2B-DBFE-AA848D06431C}
		{4F84E4E0-B231-45A3-848F-7DECCE8B1959} = {C8E42992-5E42-0C2B-DBFE-AA848D06431C}
		{D0D6B8B0-AC35-B3FA-0B96-A9B0E4A3253E} = {0AB3BF05-4346-4AA6-1389-037BE0695223}
		{ABA36528-F683-4BC7-9648-E3C75806B084} = {D0D6B8B0-AC35-B3FA-0B96-A9B0E4A3253E}
		{385F4E28-FC7E-4BA3-B448-9325457AD4BE} = {D0D6B8B0-AC35-B3FA-0B96-A9B0E4A3253E}
		{857A9F30-A905-4B66-8943-8D058834E68A} = {D0D6B8B0-AC35-B3FA-0B96-A9B0E4A3253E}
		{AE156C2D-CEB6-2932-52E1-7BB3F5577BA2} = {827E0CD3-B72D-47B6-A68D-7590B98EB39B}
		{453FDA28-223C-44A4-8BAF-97D7B1EADFDF} = {AE156C2D-CEB6-2932-52E1-7BB3F5577BA2}
		{2EBB256E-DCB5-D4A3-92AA-D5FB94CFE386} = {0AB3BF05-4346-4AA6-1389-037BE0695223}
		{589BA7C2-A24A-4278-A6D0-42328A3C5B76} = {2EBB256E-DCB5-D4A3-92AA-D5FB94CFE386}
		{64C8060A-1929-4E07-9E27-C3A05A7D6507} = {AE156C2D-CEB6-2932-52E1-7BB3F5577BA2}
		{E8733EDA-02A9-4B12-8A4A-A35007D8A1D2} = {2EBB256E-DCB5-D4A3-92AA-D5FB94CFE386}
		{FF0748A7-F967-5393-7D29-8FC60AC41C44} = {827E0CD3-B72D-47B6-A68D-7590B98EB39B}
		{0113C0BD-534F-4F90-9E2C-630513AE38C0} = {FF0748A7-F967-5393-7D29-8FC60AC41C44}
		{D26B0979-C8C6-8ACF-E8FA-797DA1071543} = {0AB3BF05-4346-4AA6-1389-037BE0695223}
		{08F918DF-F242-4F56-B641-BDC63FA7680C} = {D26B0979-C8C6-8ACF-E8FA-797DA1071543}
		{32E07464-92AB-4D84-905B-99090176113A} = {FF0748A7-F967-5393-7D29-8FC60AC41C44}
		{35D2540C-F4DC-47FB-B9B3-8BC0386486F6} = {D26B0979-C8C6-8ACF-E8FA-797DA1071543}
		{38C15C2B-BDFF-4DC8-82A8-7DC3A29D4839} = {AE156C2D-CEB6-2932-52E1-7BB3F5577BA2}
		{BD6E7F71-CA9D-43A6-B2D4-A628DDCA294E} = {FF0748A7-F967-5393-7D29-8FC60AC41C44}
		{83703839-3E06-4281-88A9-33E8BF6CC53B} = {2EBB256E-DCB5-D4A3-92AA-D5FB94CFE386}
		{7520275B-9AAF-40DA-8DF6-75CC2E96A43B} = {D26B0979-C8C6-8ACF-E8FA-797DA1071543}
		{971C8C05-FD63-4183-B474-C97C1BACCAA5} = {827E0CD3-B72D-47B6-A68D-7590B98EB39B}
		{5BBC3C9F-639D-48D1-9F0D-4781EE51B93B} = {827E0CD3-B72D-47B6-A68D-7590B98EB39B}
		{9BA9B50A-D095-43F4-AC59-D3B02B2C42FB} = {827E0CD3-B72D-47B6-A68D-7590B98EB39B}
		{62EB4910-3085-D5F7-07F0-ADDD05668AE4} = {0AB3BF05-4346-4AA6-1389-037BE0695223}
		{58D3BE8A-CFCA-4998-B5E5-0BC9D57BD4D4} = {62EB4910-3085-D5F7-07F0-ADDD05668AE4}
	EndGlobalSection
EndGlobal
